
Microsoft Visual Studio Solution File, Format Version 12.00
# Visual Studio 15
VisualStudioVersion = 15.0.26730.16
MinimumVisualStudioVersion = 10.0.40219.1
Project("{FAE04EC0-301F-11D3-BF4B-00C04F79EFBC}") = "API", "API\API.csproj", "{562EFE4C-DE70-4C2A-BC88-7C6C1B9395AF}"
EndProject
Project("{FAE04EC0-301F-11D3-BF4B-00C04F79EFBC}") = "WCF", "WCF\WCF.csproj", "{4C049089-8CC3-4E06-A8A6-A473C6686309}"
EndProject
Project("{FAE04EC0-301F-11D3-BF4B-00C04F79EFBC}") = "WCFIIS", "WCFIIS\WCFIIS.csproj", "{CEBCDFF4-EE03-4D07-A9DF-B121ABA0BC90}"
EndProject
Project("{FAE04EC0-301F-11D3-BF4B-00C04F79EFBC}") = "WEB", "WEB\WEB.csproj", "{00A45130-ED9F-4F6A-8FCF-93B62C0B3B2C}"
EndProject
Project("{FAE04EC0-301F-11D3-BF4B-00C04F79EFBC}") = "DEV", "DEV\DEV.csproj", "{ECAC15E0-3F2E-4A9F-ACA8-6F68192FD7B6}"
EndProject
Project("{FAE04EC0-301F-11D3-BF4B-00C04F79EFBC}") = "RESTAPI", "RESTAPI\RESTAPI.csproj", "{8603D3FE-080C-4AF0-BAB5-A47A2D35E90C}"
EndProject
Global
	GlobalSection(SolutionConfigurationPlatforms) = preSolution
		Debug|Any CPU = Debug|Any CPU
		Release|Any CPU = Release|Any CPU
		Test|Any CPU = Test|Any CPU
	EndGlobalSection
	GlobalSection(ProjectConfigurationPlatforms) = postSolution
		{562EFE4C-DE70-4C2A-BC88-7C6C1B9395AF}.Debug|Any CPU.ActiveCfg = Debug|Any CPU
		{562EFE4C-DE70-4C2A-BC88-7C6C1B9395AF}.Debug|Any CPU.Build.0 = Debug|Any CPU
		{562EFE4C-DE70-4C2A-BC88-7C6C1B9395AF}.Release|Any CPU.ActiveCfg = Release|Any CPU
		{562EFE4C-DE70-4C2A-BC88-7C6C1B9395AF}.Release|Any CPU.Build.0 = Release|Any CPU
		{562EFE4C-DE70-4C2A-BC88-7C6C1B9395AF}.Test|Any CPU.ActiveCfg = Test|Any CPU
		{562EFE4C-DE70-4C2A-BC88-7C6C1B9395AF}.Test|Any CPU.Build.0 = Test|Any CPU
		{4C049089-8CC3-4E06-A8A6-A473C6686309}.Debug|Any CPU.ActiveCfg = Debug|Any CPU
		{4C049089-8CC3-4E06-A8A6-A473C6686309}.Debug|Any CPU.Build.0 = Debug|Any CPU
		{4C049089-8CC3-4E06-A8A6-A473C6686309}.Release|Any CPU.ActiveCfg = Release|Any CPU
		{4C049089-8CC3-4E06-A8A6-A473C6686309}.Release|Any CPU.Build.0 = Release|Any CPU
		{4C049089-8CC3-4E06-A8A6-A473C6686309}.Test|Any CPU.ActiveCfg = Test|Any CPU
		{4C049089-8CC3-4E06-A8A6-A473C6686309}.Test|Any CPU.Build.0 = Test|Any CPU
		{CEBCDFF4-EE03-4D07-A9DF-B121ABA0BC90}.Debug|Any CPU.ActiveCfg = Debug|Any CPU
		{CEBCDFF4-EE03-4D07-A9DF-B121ABA0BC90}.Debug|Any CPU.Build.0 = Debug|Any CPU
		{CEBCDFF4-EE03-4D07-A9DF-B121ABA0BC90}.Release|Any CPU.ActiveCfg = Release|Any CPU
		{CEBCDFF4-EE03-4D07-A9DF-B121ABA0BC90}.Release|Any CPU.Build.0 = Release|Any CPU
		{CEBCDFF4-EE03-4D07-A9DF-B121ABA0BC90}.Test|Any CPU.ActiveCfg = Test|Any CPU
		{CEBCDFF4-EE03-4D07-A9DF-B121ABA0BC90}.Test|Any CPU.Build.0 = Test|Any CPU
		{00A45130-ED9F-4F6A-8FCF-93B62C0B3B2C}.Debug|Any CPU.ActiveCfg = Debug|Any CPU
		{00A45130-ED9F-4F6A-8FCF-93B62C0B3B2C}.Debug|Any CPU.Build.0 = Debug|Any CPU
		{00A45130-ED9F-4F6A-8FCF-93B62C0B3B2C}.Release|Any CPU.ActiveCfg = Release|Any CPU
		{00A45130-ED9F-4F6A-8FCF-93B62C0B3B2C}.Release|Any CPU.Build.0 = Release|Any CPU
		{00A45130-ED9F-4F6A-8FCF-93B62C0B3B2C}.Test|Any CPU.ActiveCfg = Test|Any CPU
		{00A45130-ED9F-4F6A-8FCF-93B62C0B3B2C}.Test|Any CPU.Build.0 = Test|Any CPU
		{ECAC15E0-3F2E-4A9F-ACA8-6F68192FD7B6}.Debug|Any CPU.ActiveCfg = Debug|Any CPU
		{ECAC15E0-3F2E-4A9F-ACA8-6F68192FD7B6}.Debug|Any CPU.Build.0 = Debug|Any CPU
		{ECAC15E0-3F2E-4A9F-ACA8-6F68192FD7B6}.Release|Any CPU.ActiveCfg = Release|Any CPU
		{ECAC15E0-3F2E-4A9F-ACA8-6F68192FD7B6}.Release|Any CPU.Build.0 = Release|Any CPU
		{ECAC15E0-3F2E-4A9F-ACA8-6F68192FD7B6}.Test|Any CPU.ActiveCfg = Test|Any CPU
		{ECAC15E0-3F2E-4A9F-ACA8-6F68192FD7B6}.Test|Any CPU.Build.0 = Test|Any CPU
		{8603D3FE-080C-4AF0-BAB5-A47A2D35E90C}.Debug|Any CPU.ActiveCfg = Debug|Any CPU
		{8603D3FE-080C-4AF0-BAB5-A47A2D35E90C}.Debug|Any CPU.Build.0 = Debug|Any CPU
		{8603D3FE-080C-4AF0-BAB5-A47A2D35E90C}.Release|Any CPU.ActiveCfg = Release|Any CPU
		{8603D3FE-080C-4AF0-BAB5-A47A2D35E90C}.Release|Any CPU.Build.0 = Release|Any CPU
		{8603D3FE-080C-4AF0-BAB5-A47A2D35E90C}.Test|Any CPU.ActiveCfg = Release|Any CPU
		{8603D3FE-080C-4AF0-BAB5-A47A2D35E90C}.Test|Any CPU.Build.0 = Release|Any CPU
	EndGlobalSection
	GlobalSection(SolutionProperties) = preSolution
		HideSolutionNode = FALSE
	EndGlobalSection
	GlobalSection(ExtensibilityGlobals) = postSolution
		SolutionGuid = {7ED0FB2E-A52B-49A0-9626-49DBE4D7D0E0}
	EndGlobalSection
EndGlobal
